<?xml version="1.0" encoding="utf-8"?>
<Project ToolsVersion="4.0" xmlns="http://schemas.microsoft.com/developer/msbuild/2003">
  <ItemGroup>
    <Filter Include="COM">
      <UniqueIdentifier>{4FC737F1-C7A5-4376-A066-2A32D752A2FF}</UniqueIdentifier>
      <Extensions>cpp;c;cc;cxx;def;odl;idl;hpj;bat;asm;asmx</Extensions>
    </Filter>
    <Filter Include="COM\header">
      <UniqueIdentifier>{93995380-89BD-4b04-88EB-625FBE52EBFB}</UniqueIdentifier>
      <Extensions>h;hh;hpp;hxx;hm;inl;inc;xsd</Extensions>
    </Filter>
    <Filter Include="COM\resource">
      <UniqueIdentifier>{67DA6AB6-F800-4c08-8B7A-83BB121AAD01}</UniqueIdentifier>
      <Extensions>rc;ico;cur;bmp;dlg;rc2;rct;bin;rgs;gif;jpg;jpeg;jpe;resx;tiff;tif;png;wav;mfcribbon-ms</Extensions>
    </Filter>
    <Filter Include="COM\source">
      <UniqueIdentifier>{17564d34-64c8-4800-95cc-750045597c36}</UniqueIdentifier>
    </Filter>
  </ItemGroup>
  <ItemGroup>
    <ClCompile Include="..\..\COM\ClassFactory.cpp">
      <Filter>COM\source</Filter>
    </ClCompile>
    <ClCompile Include="..\..\COM\Reg.cpp">
      <Filter>COM\source</Filter>
    </ClCompile>
    <ClCompile Include="..\..\COM\dllmain.cpp">
      <Filter>COM\source</Filter>
    </ClCompile>
    <ClCompile Include="..\..\COM\CalculateSumExt.cpp">
      <Filter>COM\source</Filter>
    </ClCompile>
  </ItemGroup>
  <ItemGroup>
    <ClInclude Include="..\..\COM\ClassFactory.h">
      <Filter>COM\header</Filter>
    </ClInclude>
    <ClInclude Include="..\..\COM\Reg.h">
      <Filter>COM\header</Filter>
    </ClInclude>
    <ClInclude Include="..\..\COM\resource.h">
      <Filter>COM\header</Filter>
    </ClInclude>
    <ClInclude Include="..\..\COM\CalculateSumExt.h">
      <Filter>COM\header</Filter>
    </ClInclude>
  </ItemGroup>
  <ItemGroup>
    <None Include="..\..\COM\GlobalExportFunctions.def">
      <Filter>COM</Filter>
    </None>
  </ItemGroup>
  <ItemGroup>
    <Image Include="..\..\COM\resource\OK.bmp">
      <Filter>COM\resource</Filter>
    </Image>
  </ItemGroup>
  <ItemGroup>
    <ResourceCompile Include="..\..\COM\resource\CalculateSumExt.rc">
      <Filter>COM\resource</Filter>
    </ResourceCompile>
  </ItemGroup>
</Project>